
Microsoft Visual Studio Solution File, Format Version 12.00
# Visual Studio Version 16
VisualStudioVersion = 25.0.1705.4
MinimumVisualStudioVersion = 10.0.40219.1
Project("{FAE04EC0-301F-11D3-BF4B-00C04F79EFBC}") = "Clock", "Clock.csproj", "{21DCF22F-F9DC-4C44-BCC8-678DBE2B788A}"
EndProject
Global
	GlobalSection(SolutionConfigurationPlatforms) = preSolution
		Debug|Any CPU = Debug|Any CPU
		Release|Any CPU = Release|Any CPU
	EndGlobalSection
	GlobalSection(ProjectConfigurationPlatforms) = postSolution
		{21DCF22F-F9DC-4C44-BCC8-678DBE2B788A}.Debug|Any CPU.ActiveCfg = Debug|Any CPU
		{21DCF22F-F9DC-4C44-BCC8-678DBE2B788A}.Debug|Any CPU.Build.0 = Debug|Any CPU
		{21DCF22F-F9DC-4C44-BCC8-678DBE2B788A}.Release|Any CPU.ActiveCfg = Release|Any CPU
		{21DCF22F-F9DC-4C44-BCC8-678DBE2B788A}.Release|Any CPU.Build.0 = Release|Any CPU
	EndGlobalSection
	GlobalSection(SolutionProperties) = preSolution
		HideSolutionNode = FALSE
	EndGlobalSection
	GlobalSection(ExtensibilityGlobals) = postSolution
		SolutionGuid = {D9B74F9A-8253-42D5-B626-81E0880B1375}
	EndGlobalSection
EndGlobal
