
Microsoft Visual Studio Solution File, Format Version 12.00
# Visual Studio Version 16
VisualStudioVersion = 25.0.1704.5
MinimumVisualStudioVersion = 10.0.40219.1
Project("{F2A71F9B-5D33-465A-A702-920D77279786}") = "GuessingGame", "GuessingGame.fsproj", "{AA144FF3-C98F-4F8E-84C3-C5DDCEFF9774}"
EndProject
Global
	GlobalSection(SolutionConfigurationPlatforms) = preSolution
		Debug|Any CPU = Debug|Any CPU
		Release|Any CPU = Release|Any CPU
	EndGlobalSection
	GlobalSection(ProjectConfigurationPlatforms) = postSolution
		{AA144FF3-C98F-4F8E-84C3-C5DDCEFF9774}.Debug|Any CPU.ActiveCfg = Debug|Any CPU
		{AA144FF3-C98F-4F8E-84C3-C5DDCEFF9774}.Debug|Any CPU.Build.0 = Debug|Any CPU
		{AA144FF3-C98F-4F8E-84C3-C5DDCEFF9774}.Release|Any CPU.ActiveCfg = Release|Any CPU
		{AA144FF3-C98F-4F8E-84C3-C5DDCEFF9774}.Release|Any CPU.Build.0 = Release|Any CPU
	EndGlobalSection
	GlobalSection(SolutionProperties) = preSolution
		HideSolutionNode = FALSE
	EndGlobalSection
	GlobalSection(ExtensibilityGlobals) = postSolution
		SolutionGuid = {48B22A81-6677-4E27-B6D3-7F29307514AF}
	EndGlobalSection
EndGlobal
