
Microsoft Visual Studio Solution File, Format Version 12.00
# Visual Studio Version 16
VisualStudioVersion = 16.0.30804.86
MinimumVisualStudioVersion = 10.0.40219.1
Project("{9A19103F-16F7-4668-BE54-9A1E7A4F7556}") = "GradeSchool", "GradeSchool.csproj", "{B5C661D9-95A3-4EA3-B504-3A0B9A1E4A09}"
EndProject
Global
	GlobalSection(SolutionConfigurationPlatforms) = preSolution
		Debug|Any CPU = Debug|Any CPU
		Release|Any CPU = Release|Any CPU
	EndGlobalSection
	GlobalSection(ProjectConfigurationPlatforms) = postSolution
		{B5C661D9-95A3-4EA3-B504-3A0B9A1E4A09}.Debug|Any CPU.ActiveCfg = Debug|Any CPU
		{B5C661D9-95A3-4EA3-B504-3A0B9A1E4A09}.Debug|Any CPU.Build.0 = Debug|Any CPU
		{B5C661D9-95A3-4EA3-B504-3A0B9A1E4A09}.Release|Any CPU.ActiveCfg = Release|Any CPU
		{B5C661D9-95A3-4EA3-B504-3A0B9A1E4A09}.Release|Any CPU.Build.0 = Release|Any CPU
	EndGlobalSection
	GlobalSection(SolutionProperties) = preSolution
		HideSolutionNode = FALSE
	EndGlobalSection
	GlobalSection(ExtensibilityGlobals) = postSolution
		SolutionGuid = {4138CF93-13C6-498A-AD83-DFC9BE42FEEE}
	EndGlobalSection
EndGlobal
