
Microsoft Visual Studio Solution File, Format Version 12.00
# Visual Studio Version 16
VisualStudioVersion = 16.0.30804.86
MinimumVisualStudioVersion = 10.0.40219.1
Project("{9A19103F-16F7-4668-BE54-9A1E7A4F7556}") = "Etl", "Etl.csproj", "{4B133F24-BB87-4776-989C-A1560E0FC46B}"
EndProject
Global
	GlobalSection(SolutionConfigurationPlatforms) = preSolution
		Debug|Any CPU = Debug|Any CPU
		Release|Any CPU = Release|Any CPU
	EndGlobalSection
	GlobalSection(ProjectConfigurationPlatforms) = postSolution
		{4B133F24-BB87-4776-989C-A1560E0FC46B}.Debug|Any CPU.ActiveCfg = Debug|Any CPU
		{4B133F24-BB87-4776-989C-A1560E0FC46B}.Debug|Any CPU.Build.0 = Debug|Any CPU
		{4B133F24-BB87-4776-989C-A1560E0FC46B}.Release|Any CPU.ActiveCfg = Release|Any CPU
		{4B133F24-BB87-4776-989C-A1560E0FC46B}.Release|Any CPU.Build.0 = Release|Any CPU
	EndGlobalSection
	GlobalSection(SolutionProperties) = preSolution
		HideSolutionNode = FALSE
	EndGlobalSection
	GlobalSection(ExtensibilityGlobals) = postSolution
		SolutionGuid = {FAA418D5-1631-44A6-9E11-B53E765A851E}
	EndGlobalSection
EndGlobal
