
Microsoft Visual Studio Solution File, Format Version 12.00
# Visual Studio Version 16
VisualStudioVersion = 16.0.31613.86
MinimumVisualStudioVersion = 10.0.40219.1
Project("{9A19103F-16F7-4668-BE54-9A1E7A4F7556}") = "RollTheDie", "RollTheDie.csproj", "{07E82F79-482C-4805-998C-DF0BFEC98D60}"
EndProject
Global
	GlobalSection(SolutionConfigurationPlatforms) = preSolution
		Debug|Any CPU = Debug|Any CPU
		Release|Any CPU = Release|Any CPU
	EndGlobalSection
	GlobalSection(ProjectConfigurationPlatforms) = postSolution
		{07E82F79-482C-4805-998C-DF0BFEC98D60}.Debug|Any CPU.ActiveCfg = Debug|Any CPU
		{07E82F79-482C-4805-998C-DF0BFEC98D60}.Debug|Any CPU.Build.0 = Debug|Any CPU
		{07E82F79-482C-4805-998C-DF0BFEC98D60}.Release|Any CPU.ActiveCfg = Release|Any CPU
		{07E82F79-482C-4805-998C-DF0BFEC98D60}.Release|Any CPU.Build.0 = Release|Any CPU
	EndGlobalSection
	GlobalSection(SolutionProperties) = preSolution
		HideSolutionNode = FALSE
	EndGlobalSection
	GlobalSection(ExtensibilityGlobals) = postSolution
		SolutionGuid = {2779E52A-3E08-414C-A1B7-8CA1C2EA2D14}
	EndGlobalSection
EndGlobal
