
Microsoft Visual Studio Solution File, Format Version 12.00
# Visual Studio Version 16
VisualStudioVersion = 16.0.30804.86
MinimumVisualStudioVersion = 10.0.40219.1
Project("{9A19103F-16F7-4668-BE54-9A1E7A4F7556}") = "Allergies", "Allergies.csproj", "{78EF1294-4867-45D8-82CC-2063ED7E7901}"
EndProject
Global
	GlobalSection(SolutionConfigurationPlatforms) = preSolution
		Debug|Any CPU = Debug|Any CPU
		Release|Any CPU = Release|Any CPU
	EndGlobalSection
	GlobalSection(ProjectConfigurationPlatforms) = postSolution
		{78EF1294-4867-45D8-82CC-2063ED7E7901}.Debug|Any CPU.ActiveCfg = Debug|Any CPU
		{78EF1294-4867-45D8-82CC-2063ED7E7901}.Debug|Any CPU.Build.0 = Debug|Any CPU
		{78EF1294-4867-45D8-82CC-2063ED7E7901}.Release|Any CPU.ActiveCfg = Release|Any CPU
		{78EF1294-4867-45D8-82CC-2063ED7E7901}.Release|Any CPU.Build.0 = Release|Any CPU
	EndGlobalSection
	GlobalSection(SolutionProperties) = preSolution
		HideSolutionNode = FALSE
	EndGlobalSection
	GlobalSection(ExtensibilityGlobals) = postSolution
		SolutionGuid = {68D59FB8-28DE-4A1B-A3C0-E8A0ACABA253}
	EndGlobalSection
EndGlobal
