
Microsoft Visual Studio Solution File, Format Version 12.00
# Visual Studio Version 16
VisualStudioVersion = 25.0.1704.0
MinimumVisualStudioVersion = 10.0.40219.1
Project("{F2A71F9B-5D33-465A-A702-920D77279786}") = "ProteinTranslation", "ProteinTranslation.fsproj", "{362A0AEB-1DF5-4030-B40E-CF6D1E3E894E}"
EndProject
Global
	GlobalSection(SolutionConfigurationPlatforms) = preSolution
		Debug|Any CPU = Debug|Any CPU
		Release|Any CPU = Release|Any CPU
	EndGlobalSection
	GlobalSection(ProjectConfigurationPlatforms) = postSolution
		{362A0AEB-1DF5-4030-B40E-CF6D1E3E894E}.Debug|Any CPU.ActiveCfg = Debug|Any CPU
		{362A0AEB-1DF5-4030-B40E-CF6D1E3E894E}.Debug|Any CPU.Build.0 = Debug|Any CPU
		{362A0AEB-1DF5-4030-B40E-CF6D1E3E894E}.Release|Any CPU.ActiveCfg = Release|Any CPU
		{362A0AEB-1DF5-4030-B40E-CF6D1E3E894E}.Release|Any CPU.Build.0 = Release|Any CPU
	EndGlobalSection
	GlobalSection(SolutionProperties) = preSolution
		HideSolutionNode = FALSE
	EndGlobalSection
	GlobalSection(ExtensibilityGlobals) = postSolution
		SolutionGuid = {135FA4C2-D0CA-4BF4-88F9-14FEDADDF74F}
	EndGlobalSection
EndGlobal
