
Microsoft Visual Studio Solution File, Format Version 12.00
# Visual Studio Version 16
VisualStudioVersion = 16.0.31613.86
MinimumVisualStudioVersion = 10.0.40219.1
Project("{9A19103F-16F7-4668-BE54-9A1E7A4F7556}") = "MatchingBrackets", "MatchingBrackets.csproj", "{43C7D154-C2BA-4001-8750-F1014811B239}"
EndProject
Global
	GlobalSection(SolutionConfigurationPlatforms) = preSolution
		Debug|Any CPU = Debug|Any CPU
		Release|Any CPU = Release|Any CPU
	EndGlobalSection
	GlobalSection(ProjectConfigurationPlatforms) = postSolution
		{43C7D154-C2BA-4001-8750-F1014811B239}.Debug|Any CPU.ActiveCfg = Debug|Any CPU
		{43C7D154-C2BA-4001-8750-F1014811B239}.Debug|Any CPU.Build.0 = Debug|Any CPU
		{43C7D154-C2BA-4001-8750-F1014811B239}.Release|Any CPU.ActiveCfg = Release|Any CPU
		{43C7D154-C2BA-4001-8750-F1014811B239}.Release|Any CPU.Build.0 = Release|Any CPU
	EndGlobalSection
	GlobalSection(SolutionProperties) = preSolution
		HideSolutionNode = FALSE
	EndGlobalSection
	GlobalSection(ExtensibilityGlobals) = postSolution
		SolutionGuid = {EA85CF48-9DB1-4C25-8D1D-AD1DB6D038C0}
	EndGlobalSection
EndGlobal
