
Microsoft Visual Studio Solution File, Format Version 12.00
# Visual Studio Version 16
VisualStudioVersion = 16.0.30804.86
MinimumVisualStudioVersion = 10.0.40219.1
Project("{9A19103F-16F7-4668-BE54-9A1E7A4F7556}") = "Raindrops", "Raindrops.csproj", "{A9D88668-FAD6-48AB-9487-3FF3C1BCD658}"
EndProject
Global
	GlobalSection(SolutionConfigurationPlatforms) = preSolution
		Debug|Any CPU = Debug|Any CPU
		Release|Any CPU = Release|Any CPU
	EndGlobalSection
	GlobalSection(ProjectConfigurationPlatforms) = postSolution
		{A9D88668-FAD6-48AB-9487-3FF3C1BCD658}.Debug|Any CPU.ActiveCfg = Debug|Any CPU
		{A9D88668-FAD6-48AB-9487-3FF3C1BCD658}.Debug|Any CPU.Build.0 = Debug|Any CPU
		{A9D88668-FAD6-48AB-9487-3FF3C1BCD658}.Release|Any CPU.ActiveCfg = Release|Any CPU
		{A9D88668-FAD6-48AB-9487-3FF3C1BCD658}.Release|Any CPU.Build.0 = Release|Any CPU
	EndGlobalSection
	GlobalSection(SolutionProperties) = preSolution
		HideSolutionNode = FALSE
	EndGlobalSection
	GlobalSection(ExtensibilityGlobals) = postSolution
		SolutionGuid = {B5131F79-D74D-4136-9D08-D8ECDA9CBB77}
	EndGlobalSection
EndGlobal
