
Microsoft Visual Studio Solution File, Format Version 12.00
# Visual Studio Version 16
VisualStudioVersion = 16.0.31613.86
MinimumVisualStudioVersion = 10.0.40219.1
Project("{9A19103F-16F7-4668-BE54-9A1E7A4F7556}") = "InterestIsInteresting", "InterestIsInteresting.csproj", "{01BBD023-0E51-4B1D-8F82-6275C98FA092}"
EndProject
Global
	GlobalSection(SolutionConfigurationPlatforms) = preSolution
		Debug|Any CPU = Debug|Any CPU
		Release|Any CPU = Release|Any CPU
	EndGlobalSection
	GlobalSection(ProjectConfigurationPlatforms) = postSolution
		{01BBD023-0E51-4B1D-8F82-6275C98FA092}.Debug|Any CPU.ActiveCfg = Debug|Any CPU
		{01BBD023-0E51-4B1D-8F82-6275C98FA092}.Debug|Any CPU.Build.0 = Debug|Any CPU
		{01BBD023-0E51-4B1D-8F82-6275C98FA092}.Release|Any CPU.ActiveCfg = Release|Any CPU
		{01BBD023-0E51-4B1D-8F82-6275C98FA092}.Release|Any CPU.Build.0 = Release|Any CPU
	EndGlobalSection
	GlobalSection(SolutionProperties) = preSolution
		HideSolutionNode = FALSE
	EndGlobalSection
	GlobalSection(ExtensibilityGlobals) = postSolution
		SolutionGuid = {82E3FE9F-3FB3-4314-8F8C-FE47337D9E14}
	EndGlobalSection
EndGlobal
