
Microsoft Visual Studio Solution File, Format Version 12.00
# Visual Studio Version 16
VisualStudioVersion = 16.0.30804.86
MinimumVisualStudioVersion = 10.0.40219.1
Project("{9A19103F-16F7-4668-BE54-9A1E7A4F7556}") = "SumOfMultiples", "SumOfMultiples.csproj", "{F7541E4C-F502-4FA6-B811-3B02EBE88AFA}"
EndProject
Global
	GlobalSection(SolutionConfigurationPlatforms) = preSolution
		Debug|Any CPU = Debug|Any CPU
		Release|Any CPU = Release|Any CPU
	EndGlobalSection
	GlobalSection(ProjectConfigurationPlatforms) = postSolution
		{F7541E4C-F502-4FA6-B811-3B02EBE88AFA}.Debug|Any CPU.ActiveCfg = Debug|Any CPU
		{F7541E4C-F502-4FA6-B811-3B02EBE88AFA}.Debug|Any CPU.Build.0 = Debug|Any CPU
		{F7541E4C-F502-4FA6-B811-3B02EBE88AFA}.Release|Any CPU.ActiveCfg = Release|Any CPU
		{F7541E4C-F502-4FA6-B811-3B02EBE88AFA}.Release|Any CPU.Build.0 = Release|Any CPU
	EndGlobalSection
	GlobalSection(SolutionProperties) = preSolution
		HideSolutionNode = FALSE
	EndGlobalSection
	GlobalSection(ExtensibilityGlobals) = postSolution
		SolutionGuid = {0DD621E8-BD7B-46B9-9C70-CD5B4C9FBE65}
	EndGlobalSection
EndGlobal
