
Microsoft Visual Studio Solution File, Format Version 12.00
# Visual Studio Version 16
VisualStudioVersion = 16.0.31205.134
MinimumVisualStudioVersion = 10.0.40219.1
Project("{9A19103F-16F7-4668-BE54-9A1E7A4F7556}") = "PythagoreanTriplet", "PythagoreanTriplet.csproj", "{1E5A82D9-0F00-4672-8E04-6A7951D89785}"
EndProject
Global
	GlobalSection(SolutionConfigurationPlatforms) = preSolution
		Debug|Any CPU = Debug|Any CPU
		Release|Any CPU = Release|Any CPU
	EndGlobalSection
	GlobalSection(ProjectConfigurationPlatforms) = postSolution
		{1E5A82D9-0F00-4672-8E04-6A7951D89785}.Debug|Any CPU.ActiveCfg = Debug|Any CPU
		{1E5A82D9-0F00-4672-8E04-6A7951D89785}.Debug|Any CPU.Build.0 = Debug|Any CPU
		{1E5A82D9-0F00-4672-8E04-6A7951D89785}.Release|Any CPU.ActiveCfg = Release|Any CPU
		{1E5A82D9-0F00-4672-8E04-6A7951D89785}.Release|Any CPU.Build.0 = Release|Any CPU
	EndGlobalSection
	GlobalSection(SolutionProperties) = preSolution
		HideSolutionNode = FALSE
	EndGlobalSection
	GlobalSection(ExtensibilityGlobals) = postSolution
		SolutionGuid = {ECB0497D-DE08-444A-B028-1B3A62974F1B}
	EndGlobalSection
EndGlobal
