
Microsoft Visual Studio Solution File, Format Version 12.00
# Visual Studio Version 16
VisualStudioVersion = 16.0.30804.86
MinimumVisualStudioVersion = 10.0.40219.1
Project("{9A19103F-16F7-4668-BE54-9A1E7A4F7556}") = "PhoneNumber", "PhoneNumber.csproj", "{DBD775B1-53FD-45EF-9439-E600F098A837}"
EndProject
Global
	GlobalSection(SolutionConfigurationPlatforms) = preSolution
		Debug|Any CPU = Debug|Any CPU
		Release|Any CPU = Release|Any CPU
	EndGlobalSection
	GlobalSection(ProjectConfigurationPlatforms) = postSolution
		{DBD775B1-53FD-45EF-9439-E600F098A837}.Debug|Any CPU.ActiveCfg = Debug|Any CPU
		{DBD775B1-53FD-45EF-9439-E600F098A837}.Debug|Any CPU.Build.0 = Debug|Any CPU
		{DBD775B1-53FD-45EF-9439-E600F098A837}.Release|Any CPU.ActiveCfg = Release|Any CPU
		{DBD775B1-53FD-45EF-9439-E600F098A837}.Release|Any CPU.Build.0 = Release|Any CPU
	EndGlobalSection
	GlobalSection(SolutionProperties) = preSolution
		HideSolutionNode = FALSE
	EndGlobalSection
	GlobalSection(ExtensibilityGlobals) = postSolution
		SolutionGuid = {EB3EEFBD-1735-4C21-A849-BECC8E8C45E0}
	EndGlobalSection
EndGlobal
