
Microsoft Visual Studio Solution File, Format Version 12.00
# Visual Studio Version 16
VisualStudioVersion = 16.0.30804.86
MinimumVisualStudioVersion = 10.0.40219.1
Project("{9A19103F-16F7-4668-BE54-9A1E7A4F7556}") = "CollatzConjecture", "CollatzConjecture.csproj", "{0342FD69-BD65-4341-A0E6-E22D0F9337C7}"
EndProject
Global
	GlobalSection(SolutionConfigurationPlatforms) = preSolution
		Debug|Any CPU = Debug|Any CPU
		Release|Any CPU = Release|Any CPU
	EndGlobalSection
	GlobalSection(ProjectConfigurationPlatforms) = postSolution
		{0342FD69-BD65-4341-A0E6-E22D0F9337C7}.Debug|Any CPU.ActiveCfg = Debug|Any CPU
		{0342FD69-BD65-4341-A0E6-E22D0F9337C7}.Debug|Any CPU.Build.0 = Debug|Any CPU
		{0342FD69-BD65-4341-A0E6-E22D0F9337C7}.Release|Any CPU.ActiveCfg = Release|Any CPU
		{0342FD69-BD65-4341-A0E6-E22D0F9337C7}.Release|Any CPU.Build.0 = Release|Any CPU
	EndGlobalSection
	GlobalSection(SolutionProperties) = preSolution
		HideSolutionNode = FALSE
	EndGlobalSection
	GlobalSection(ExtensibilityGlobals) = postSolution
		SolutionGuid = {501983F2-14F2-401F-B186-584B9FC5D3AD}
	EndGlobalSection
EndGlobal
