
Microsoft Visual Studio Solution File, Format Version 12.00
# Visual Studio Version 16
VisualStudioVersion = 25.0.1705.4
MinimumVisualStudioVersion = 10.0.40219.1
Project("{FAE04EC0-301F-11D3-BF4B-00C04F79EFBC}") = "FoodChain", "FoodChain.csproj", "{199BA2BD-6853-47AB-8256-4E20C7291D34}"
EndProject
Global
	GlobalSection(SolutionConfigurationPlatforms) = preSolution
		Debug|Any CPU = Debug|Any CPU
		Release|Any CPU = Release|Any CPU
	EndGlobalSection
	GlobalSection(ProjectConfigurationPlatforms) = postSolution
		{199BA2BD-6853-47AB-8256-4E20C7291D34}.Debug|Any CPU.ActiveCfg = Debug|Any CPU
		{199BA2BD-6853-47AB-8256-4E20C7291D34}.Debug|Any CPU.Build.0 = Debug|Any CPU
		{199BA2BD-6853-47AB-8256-4E20C7291D34}.Release|Any CPU.ActiveCfg = Release|Any CPU
		{199BA2BD-6853-47AB-8256-4E20C7291D34}.Release|Any CPU.Build.0 = Release|Any CPU
	EndGlobalSection
	GlobalSection(SolutionProperties) = preSolution
		HideSolutionNode = FALSE
	EndGlobalSection
	GlobalSection(ExtensibilityGlobals) = postSolution
		SolutionGuid = {73C04DF7-4E0D-42FE-B678-7127CF0FD7D5}
	EndGlobalSection
EndGlobal
