
Microsoft Visual Studio Solution File, Format Version 12.00
# Visual Studio Version 16
VisualStudioVersion = 16.0.31613.86
MinimumVisualStudioVersion = 10.0.40219.1
Project("{9A19103F-16F7-4668-BE54-9A1E7A4F7556}") = "LogAnalysis", "LogAnalysis.csproj", "{50D67A40-E7B8-4E5E-BE1E-F55427A4A945}"
EndProject
Global
	GlobalSection(SolutionConfigurationPlatforms) = preSolution
		Debug|Any CPU = Debug|Any CPU
		Release|Any CPU = Release|Any CPU
	EndGlobalSection
	GlobalSection(ProjectConfigurationPlatforms) = postSolution
		{50D67A40-E7B8-4E5E-BE1E-F55427A4A945}.Debug|Any CPU.ActiveCfg = Debug|Any CPU
		{50D67A40-E7B8-4E5E-BE1E-F55427A4A945}.Debug|Any CPU.Build.0 = Debug|Any CPU
		{50D67A40-E7B8-4E5E-BE1E-F55427A4A945}.Release|Any CPU.ActiveCfg = Release|Any CPU
		{50D67A40-E7B8-4E5E-BE1E-F55427A4A945}.Release|Any CPU.Build.0 = Release|Any CPU
	EndGlobalSection
	GlobalSection(SolutionProperties) = preSolution
		HideSolutionNode = FALSE
	EndGlobalSection
	GlobalSection(ExtensibilityGlobals) = postSolution
		SolutionGuid = {BE54765A-3781-4BDB-AB53-156AC62E0AB8}
	EndGlobalSection
EndGlobal
